// !$*UTF8*$!
{
	archiveVersion = 1;
	classes = {
	};
	objectVersion = 46;
	objects = {

/* Begin PBXBuildFile section */
		94568B861D48D532007D27F6 /* main.c in Sources */ = {isa = PBXBuildFile; fileRef = 94568B851D48D532007D27F6 /* main.c */; };
		94568B8E1D48D5FE007D27F6 /* Simulated Annealing.c in Sources */ = {isa = PBXBuildFile; fileRef = 94568B8C1D48D5FE007D27F6 /* Simulated Annealing.c */; };
		94568B911D48D7F0007D27F6 /* Minimum Spanning Tree.c in Sources */ = {isa = PBXBuildFile; fileRef = 94568B8F1D48D7F0007D27F6 /* Minimum Spanning Tree.c */; };
		94568B941D48D881007D27F6 /* Genetic Algorithm.c in Sources */ = {isa = PBXBuildFile; fileRef = 94568B921D48D881007D27F6 /* Genetic Algorithm.c */; };
/* End PBXBuildFile section */

/* Begin PBXCopyFilesBuildPhase section */
		94568B801D48D532007D27F6 /* CopyFiles */ = {
			isa = PBXCopyFilesBuildPhase;
			buildActionMask = 2147483647;
			dstPath = /usr/share/man/man1/;
			dstSubfolderSpec = 0;
			files = (
			);
			runOnlyForDeploymentPostprocessing = 1;
		};
/* End PBXCopyFilesBuildPhase section */

/* Begin PBXFileReference section */
		94568B821D48D532007D27F6 /* MEB */ = {isa = PBXFileReference; explicitFileType = "compiled.mach-o.executable"; includeInIndex = 0; path = MEB; sourceTree = BUILT_PRODUCTS_DIR; };
		94568B851D48D532007D27F6 /* main.c */ = {isa = PBXFileReference; lastKnownFileType = sourcecode.c.c; path = main.c; sourceTree = "<group>"; };
		94568B8C1D48D5FE007D27F6 /* Simulated Annealing.c */ = {isa = PBXFileReference; fileEncoding = 4; lastKnownFileType = sourcecode.c.c; name = "Simulated Annealing.c"; path = "../Simulated Annealing.c"; sourceTree = "<group>"; };
		94568B8D1D48D5FE007D27F6 /* Simulated Annealing.h */ = {isa = PBXFileReference; fileEncoding = 4; lastKnownFileType = sourcecode.c.h; name = "Simulated Annealing.h"; path = "../Simulated Annealing.h"; sourceTree = "<group>"; };
		94568B8F1D48D7F0007D27F6 /* Minimum Spanning Tree.c */ = {isa = PBXFileReference; fileEncoding = 4; lastKnownFileType = sourcecode.c.c; path = "Minimum Spanning Tree.c"; sourceTree = "<group>"; };
		94568B901D48D7F0007D27F6 /* Minimum Spanning Tree.h */ = {isa = PBXFileReference; fileEncoding = 4; lastKnownFileType = sourcecode.c.h; path = "Minimum Spanning Tree.h"; sourceTree = "<group>"; };
		94568B921D48D881007D27F6 /* Genetic Algorithm.c */ = {isa = PBXFileReference; fileEncoding = 4; lastKnownFileType = sourcecode.c.c; path = "Genetic Algorithm.c"; sourceTree = "<group>"; };
		94568B931D48D881007D27F6 /* Genetic Algorithm.h */ = {isa = PBXFileReference; fileEncoding = 4; lastKnownFileType = sourcecode.c.h; path = "Genetic Algorithm.h"; sourceTree = "<group>"; };
/* End PBXFileReference section */

/* Begin PBXFrameworksBuildPhase section */
		94568B7F1D48D532007D27F6 /* Frameworks */ = {
			isa = PBXFrameworksBuildPhase;
			buildActionMask = 2147483647;
			files = (
			);
			runOnlyForDeploymentPostprocessing = 0;
		};
/* End PBXFrameworksBuildPhase section */

/* Begin PBXGroup section */
		94568B791D48D532007D27F6 = {
			isa = PBXGroup;
			children = (
				94568B921D48D881007D27F6 /* Genetic Algorithm.c */,
				94568B931D48D881007D27F6 /* Genetic Algorithm.h */,
				94568B8F1D48D7F0007D27F6 /* Minimum Spanning Tree.c */,
				94568B901D48D7F0007D27F6 /* Minimum Spanning Tree.h */,
				94568B841D48D532007D27F6 /* MST */,
				94568B831D48D532007D27F6 /* Products */,
			);
			sourceTree = "<group>";
		};
		94568B831D48D532007D27F6 /* Products */ = {
			isa = PBXGroup;
			children = (
				94568B821D48D532007D27F6 /* MEB */,
			);
			name = Products;
			sourceTree = "<group>";
		};
		94568B841D48D532007D27F6 /* MST */ = {
			isa = PBXGroup;
			children = (
				94568B8C1D48D5FE007D27F6 /* Simulated Annealing.c */,
				94568B8D1D48D5FE007D27F6 /* Simulated Annealing.h */,
				94568B851D48D532007D27F6 /* main.c */,
			);
			name = MST;
			path = MEB;
			sourceTree = "<group>";
		};
/* End PBXGroup section */

/* Begin PBXNativeTarget section */
		94568B811D48D532007D27F6 /* MEB */ = {
			isa = PBXNativeTarget;
			buildConfigurationList = 94568B891D48D532007D27F6 /* Build configuration list for PBXNativeTarget "MEB" */;
			buildPhases = (
				94568B7E1D48D532007D27F6 /* Sources */,
				94568B7F1D48D532007D27F6 /* Frameworks */,
				94568B801D48D532007D27F6 /* CopyFiles */,
			);
			buildRules = (
			);
			dependencies = (
			);
			name = MEB;
			productName = MEB;
			productReference = 94568B821D48D532007D27F6 /* MEB */;
			productType = "com.apple.product-type.tool";
		};
/* End PBXNativeTarget section */

/* Begin PBXProject section */
		94568B7A1D48D532007D27F6 /* Project object */ = {
			isa = PBXProject;
			attributes = {
				LastUpgradeCheck = 0730;
				ORGANIZATIONNAME = "Daniella Bacud";
				TargetAttributes = {
					94568B811D48D532007D27F6 = {
						CreatedOnToolsVersion = 7.3.1;
					};
				};
			};
			buildConfigurationList = 94568B7D1D48D532007D27F6 /* Build configuration list for PBXProject "MEB" */;
			compatibilityVersion = "Xcode 3.2";
			developmentRegion = English;
			hasScannedForEncodings = 0;
			knownRegions = (
				en,
			);
			mainGroup = 94568B791D48D532007D27F6;
			productRefGroup = 94568B831D48D532007D27F6 /* Products */;
			projectDirPath = "";
			projectRoot = "";
			targets = (
				94568B811D48D532007D27F6 /* MEB */,
			);
		};
/* End PBXProject section */

/* Begin PBXSourcesBuildPhase section */
		94568B7E1D48D532007D27F6 /* Sources */ = {
			isa = PBXSourcesBuildPhase;
			buildActionMask = 2147483647;
			files = (
				94568B861D48D532007D27F6 /* main.c in Sources */,
				94568B911D48D7F0007D27F6 /* Minimum Spanning Tree.c in Sources */,
				94568B941D48D881007D27F6 /* Genetic Algorithm.c in Sources */,
				94568B8E1D48D5FE007D27F6 /* Simulated Annealing.c in Sources */,
			);
			runOnlyForDeploymentPostprocessing = 0;
		};
/* End PBXSourcesBuildPhase section */

/* Begin XCBuildConfiguration section */
		94568B871D48D532007D27F6 /* Debug */ = {
			isa = XCBuildConfiguration;
			buildSettings = {
				ALWAYS_SEARCH_USER_PATHS = NO;
				CLANG_ANALYZER_NONNULL = YES;
				CLANG_CXX_LANGUAGE_STANDARD = "gnu++0x";
				CLANG_CXX_LIBRARY = "libc++";
				CLANG_ENABLE_MODULES = YES;
				CLANG_ENABLE_OBJC_ARC = YES;
				CLANG_WARN_BOOL_CONVERSION = YES;
				CLANG_WARN_CONSTANT_CONVERSION = YES;
				CLANG_WARN_DIRECT_OBJC_ISA_USAGE = YES_ERROR;
				CLANG_WARN_EMPTY_BODY = YES;
				CLANG_WARN_ENUM_CONVERSION = YES;
				CLANG_WARN_INT_CONVERSION = YES;
				CLANG_WARN_OBJC_ROOT_CLASS = YES_ERROR;
				CLANG_WARN_UNREACHABLE_CODE = YES;
				CLANG_WARN__DUPLICATE_METHOD_MATCH = YES;
				CODE_SIGN_IDENTITY = "-";
				COPY_PHASE_STRIP = NO;
				DEBUG_INFORMATION_FORMAT = dwarf;
				ENABLE_STRICT_OBJC_MSGSEND = YES;
				ENABLE_TESTABILITY = YES;
				GCC_C_LANGUAGE_STANDARD = gnu99;
				GCC_DYNAMIC_NO_PIC = NO;
				GCC_NO_COMMON_BLOCKS = YES;
				GCC_OPTIMIZATION_LEVEL = 0;
				GCC_PREPROCESSOR_DEFINITIONS = (
					"DEBUG=1",
					"$(inherited)",
				);
				GCC_WARN_64_TO_32_BIT_CONVERSION = YES;
				GCC_WARN_ABOUT_RETURN_TYPE = YES_ERROR;
				GCC_WARN_UNDECLARED_SELECTOR = YES;
				GCC_WARN_UNINITIALIZED_AUTOS = YES_AGGRESSIVE;
				GCC_WARN_UNUSED_FUNCTION = YES;
				GCC_WARN_UNUSED_VARIABLE = YES;
				MACOSX_DEPLOYMENT_TARGET = 10.11;
				MTL_ENABLE_DEBUG_INFO = YES;
				ONLY_ACTIVE_ARCH = YES;
				SDKROOT = macosx;
			};
			name = Debug;
		};
		94568B881D48D532007D27F6 /* Release */ = {
			isa = XCBuildConfiguration;
			buildSettings = {
				ALWAYS_SEARCH_USER_PATHS = NO;
				CLANG_ANALYZER_NONNULL = YES;
				CLANG_CXX_LANGUAGE_STANDARD = "gnu++0x";
				CLANG_CXX_LIBRARY = "libc++";
				CLANG_ENABLE_MODULES = YES;
				CLANG_ENABLE_OBJC_ARC = YES;
				CLANG_WARN_BOOL_CONVERSION = YES;
				CLANG_WARN_CONSTANT_CONVERSION = YES;
				CLANG_WARN_DIRECT_OBJC_ISA_USAGE = YES_ERROR;
				CLANG_WARN_EMPTY_BODY = YES;
				CLANG_WARN_ENUM_CONVERSION = YES;
				CLANG_WARN_INT_CONVERSION = YES;
				CLANG_WARN_OBJC_ROOT_CLASS = YES_ERROR;
				CLANG_WARN_UNREACHABLE_CODE = YES;
				CLANG_WARN__DUPLICATE_METHOD_MATCH = YES;
				CODE_SIGN_IDENTITY = "-";
				COPY_PHASE_STRIP = NO;
				DEBUG_INFORMATION_FORMAT = "dwarf-with-dsym";
				ENABLE_NS_ASSERTIONS = NO;
				ENABLE_STRICT_OBJC_MSGSEND = YES;
				GCC_C_LANGUAGE_STANDARD = gnu99;
				GCC_NO_COMMON_BLOCKS = YES;
				GCC_WARN_64_TO_32_BIT_CONVERSION = YES;
				GCC_WARN_ABOUT_RETURN_TYPE = YES_ERROR;
				GCC_WARN_UNDECLARED_SELECTOR = YES;
				GCC_WARN_UNINITIALIZED_AUTOS = YES_AGGRESSIVE;
				GCC_WARN_UNUSED_FUNCTION = YES;
				GCC_WARN_UNUSED_VARIABLE = YES;
				MACOSX_DEPLOYMENT_TARGET = 10.11;
				MTL_ENABLE_DEBUG_INFO = NO;
				SDKROOT = macosx;
			};
			name = Release;
		};
		94568B8A1D48D532007D27F6 /* Debug */ = {
			isa = XCBuildConfiguration;
			buildSettings = {
				PRODUCT_NAME = "$(TARGET_NAME)";
			};
			name = Debug;
		};
		94568B8B1D48D532007D27F6 /* Release */ = {
			isa = XCBuildConfiguration;
			buildSettings = {
				PRODUCT_NAME = "$(TARGET_NAME)";
			};
			name = Release;
		};
/* End XCBuildConfiguration section */

/* Begin XCConfigurationList section */
		94568B7D1D48D532007D27F6 /* Build configuration list for PBXProject "MEB" */ = {
			isa = XCConfigurationList;
			buildConfigurations = (
				94568B871D48D532007D27F6 /* Debug */,
				94568B881D48D532007D27F6 /* Release */,
			);
			defaultConfigurationIsVisible = 0;
			defaultConfigurationName = Release;
		};
		94568B891D48D532007D27F6 /* Build configuration list for PBXNativeTarget "MEB" */ = {
			isa = XCConfigurationList;
			buildConfigurations = (
				94568B8A1D48D532007D27F6 /* Debug */,
				94568B8B1D48D532007D27F6 /* Release */,
			);
			defaultConfigurationIsVisible = 0;
		};
/* End XCConfigurationList section */
	};
	rootObject = 94568B7A1D48D532007D27F6 /* Project object */;
}
